
Microsoft Visual Studio Solution File, Format Version 12.00
# Visual Studio 15
VisualStudioVersion = 15.0.28010.2036
MinimumVisualStudioVersion = 10.0.40219.1
Project("{FAE04EC0-301F-11D3-BF4B-00C04F79EFBC}") = "PRESENTACION", "TPC_GARCIAS\PRESENTACION.csproj", "{90117FC6-0661-463B-8800-8642725E2DBB}"
EndProject
Project("{FAE04EC0-301F-11D3-BF4B-00C04F79EFBC}") = "DOMINIO", "ClassLibrary1\DOMINIO.csproj", "{690315DB-3919-4A4F-BB58-DBE59D3FCF84}"
EndProject
Project("{FAE04EC0-301F-11D3-BF4B-00C04F79EFBC}") = "NEGOCIO", "NEGOCIO\NEGOCIO.csproj", "{1325166B-42B3-4AAE-88E0-244EE52B8394}"
EndProject
Global
	GlobalSection(SolutionConfigurationPlatforms) = preSolution
		Debug|Any CPU = Debug|Any CPU
		Release|Any CPU = Release|Any CPU
	EndGlobalSection
	GlobalSection(ProjectConfigurationPlatforms) = postSolution
		{90117FC6-0661-463B-8800-8642725E2DBB}.Debug|Any CPU.ActiveCfg = Debug|Any CPU
		{90117FC6-0661-463B-8800-8642725E2DBB}.Debug|Any CPU.Build.0 = Debug|Any CPU
		{90117FC6-0661-463B-8800-8642725E2DBB}.Release|Any CPU.ActiveCfg = Release|Any CPU
		{90117FC6-0661-463B-8800-8642725E2DBB}.Release|Any CPU.Build.0 = Release|Any CPU
		{690315DB-3919-4A4F-BB58-DBE59D3FCF84}.Debug|Any CPU.ActiveCfg = Debug|Any CPU
		{690315DB-3919-4A4F-BB58-DBE59D3FCF84}.Debug|Any CPU.Build.0 = Debug|Any CPU
		{690315DB-3919-4A4F-BB58-DBE59D3FCF84}.Release|Any CPU.ActiveCfg = Release|Any CPU
		{690315DB-3919-4A4F-BB58-DBE59D3FCF84}.Release|Any CPU.Build.0 = Release|Any CPU
		{1325166B-42B3-4AAE-88E0-244EE52B8394}.Debug|Any CPU.ActiveCfg = Debug|Any CPU
		{1325166B-42B3-4AAE-88E0-244EE52B8394}.Debug|Any CPU.Build.0 = Debug|Any CPU
		{1325166B-42B3-4AAE-88E0-244EE52B8394}.Release|Any CPU.ActiveCfg = Release|Any CPU
		{1325166B-42B3-4AAE-88E0-244EE52B8394}.Release|Any CPU.Build.0 = Release|Any CPU
	EndGlobalSection
	GlobalSection(SolutionProperties) = preSolution
		HideSolutionNode = FALSE
	EndGlobalSection
	GlobalSection(ExtensibilityGlobals) = postSolution
		SolutionGuid = {2B2EBFB4-2358-466A-ACCF-BEF31C225F01}
	EndGlobalSection
EndGlobal
